
Microsoft Visual Studio Solution File, Format Version 12.00
# Visual Studio Version 16
VisualStudioVersion = 16.0.30204.135
MinimumVisualStudioVersion = 10.0.40219.1
Project("{FAE04EC0-301F-11D3-BF4B-00C04F79EFBC}") = "Generics", "Generics\Generics.csproj", "{B369C7B4-1B5C-415F-9BB6-AA94476DD4FF}"
EndProject
Global
	GlobalSection(SolutionConfigurationPlatforms) = preSolution
		Debug|Any CPU = Debug|Any CPU
		Release|Any CPU = Release|Any CPU
	EndGlobalSection
	GlobalSection(ProjectConfigurationPlatforms) = postSolution
		{B369C7B4-1B5C-415F-9BB6-AA94476DD4FF}.Debug|Any CPU.ActiveCfg = Debug|Any CPU
		{B369C7B4-1B5C-415F-9BB6-AA94476DD4FF}.Debug|Any CPU.Build.0 = Debug|Any CPU
		{B369C7B4-1B5C-415F-9BB6-AA94476DD4FF}.Release|Any CPU.ActiveCfg = Release|Any CPU
		{B369C7B4-1B5C-415F-9BB6-AA94476DD4FF}.Release|Any CPU.Build.0 = Release|Any CPU
	EndGlobalSection
	GlobalSection(SolutionProperties) = preSolution
		HideSolutionNode = FALSE
	EndGlobalSection
	GlobalSection(ExtensibilityGlobals) = postSolution
		SolutionGuid = {D8BCCDA6-027E-46A3-BDB8-881792499183}
	EndGlobalSection
EndGlobal
